
Microsoft Visual Studio Solution File, Format Version 12.00
# Visual Studio Version 17
VisualStudioVersion = 17.4.33213.308
MinimumVisualStudioVersion = 10.0.40219.1
Project("{9A19103F-16F7-4668-BE54-9A1E7A4F7556}") = "EjemploHerencia", "EjemploHerencia\EjemploHerencia.csproj", "{39B66926-83F1-43E3-9D6A-795628D760C3}"
EndProject
Project("{FAE04EC0-301F-11D3-BF4B-00C04F79EFBC}") = "EjemploHerenciaService", "EjemploHerenciaService\EjemploHerenciaService.csproj", "{6A116EF5-D7B1-43A8-8C63-BA9BBD1505F1}"
EndProject
Global
	GlobalSection(SolutionConfigurationPlatforms) = preSolution
		Debug|Any CPU = Debug|Any CPU
		Release|Any CPU = Release|Any CPU
	EndGlobalSection
	GlobalSection(ProjectConfigurationPlatforms) = postSolution
		{39B66926-83F1-43E3-9D6A-795628D760C3}.Debug|Any CPU.ActiveCfg = Debug|Any CPU
		{39B66926-83F1-43E3-9D6A-795628D760C3}.Debug|Any CPU.Build.0 = Debug|Any CPU
		{39B66926-83F1-43E3-9D6A-795628D760C3}.Release|Any CPU.ActiveCfg = Release|Any CPU
		{39B66926-83F1-43E3-9D6A-795628D760C3}.Release|Any CPU.Build.0 = Release|Any CPU
		{6A116EF5-D7B1-43A8-8C63-BA9BBD1505F1}.Debug|Any CPU.ActiveCfg = Debug|Any CPU
		{6A116EF5-D7B1-43A8-8C63-BA9BBD1505F1}.Debug|Any CPU.Build.0 = Debug|Any CPU
		{6A116EF5-D7B1-43A8-8C63-BA9BBD1505F1}.Release|Any CPU.ActiveCfg = Release|Any CPU
		{6A116EF5-D7B1-43A8-8C63-BA9BBD1505F1}.Release|Any CPU.Build.0 = Release|Any CPU
	EndGlobalSection
	GlobalSection(SolutionProperties) = preSolution
		HideSolutionNode = FALSE
	EndGlobalSection
	GlobalSection(ExtensibilityGlobals) = postSolution
		SolutionGuid = {70AA88D5-010F-4CE6-B4A7-976215C5283E}
	EndGlobalSection
EndGlobal
